
Microsoft Visual Studio Solution File, Format Version 12.00
# Visual Studio 2013
VisualStudioVersion = 12.0.40629.0
MinimumVisualStudioVersion = 10.0.40219.1
Project("{FAE04EC0-301F-11D3-BF4B-00C04F79EFBC}") = "DiO_Androbot", "DiO_Androbot\DiO_Androbot.csproj", "{F580E632-6E6F-454D-BA28-753542C0F017}"
EndProject
Global
	GlobalSection(SolutionConfigurationPlatforms) = preSolution
		Debug|Any CPU = Debug|Any CPU
		Release|Any CPU = Release|Any CPU
	EndGlobalSection
	GlobalSection(ProjectConfigurationPlatforms) = postSolution
		{F580E632-6E6F-454D-BA28-753542C0F017}.Debug|Any CPU.ActiveCfg = Debug|Any CPU
		{F580E632-6E6F-454D-BA28-753542C0F017}.Debug|Any CPU.Build.0 = Debug|Any CPU
		{F580E632-6E6F-454D-BA28-753542C0F017}.Release|Any CPU.ActiveCfg = Release|Any CPU
		{F580E632-6E6F-454D-BA28-753542C0F017}.Release|Any CPU.Build.0 = Release|Any CPU
	EndGlobalSection
	GlobalSection(SolutionProperties) = preSolution
		HideSolutionNode = FALSE
	EndGlobalSection
EndGlobal
